
Microsoft Visual Studio Solution File, Format Version 12.00
# Visual Studio 14
VisualStudioVersion = 14.0.24720.0
MinimumVisualStudioVersion = 10.0.40219.1
Project("{FAE04EC0-301F-11D3-BF4B-00C04F79EFBC}") = "ProteinTrackerWebService", "ProteinTrackerWebService\ProteinTrackerWebService.csproj", "{0375989D-ACAB-4071-AA9B-4AD01252A327}"
EndProject
Project("{FAE04EC0-301F-11D3-BF4B-00C04F79EFBC}") = "ProteinTrackerClient", "ProteinTrackerClient\ProteinTrackerClient.csproj", "{EBAA5BF8-C341-4C22-A90D-281C63672D8C}"
	ProjectSection(ProjectDependencies) = postProject
		{0375989D-ACAB-4071-AA9B-4AD01252A327} = {0375989D-ACAB-4071-AA9B-4AD01252A327}
	EndProjectSection
EndProject
Global
	GlobalSection(SolutionConfigurationPlatforms) = preSolution
		Debug|Any CPU = Debug|Any CPU
		Release|Any CPU = Release|Any CPU
	EndGlobalSection
	GlobalSection(ProjectConfigurationPlatforms) = postSolution
		{0375989D-ACAB-4071-AA9B-4AD01252A327}.Debug|Any CPU.ActiveCfg = Debug|Any CPU
		{0375989D-ACAB-4071-AA9B-4AD01252A327}.Debug|Any CPU.Build.0 = Debug|Any CPU
		{0375989D-ACAB-4071-AA9B-4AD01252A327}.Release|Any CPU.ActiveCfg = Release|Any CPU
		{0375989D-ACAB-4071-AA9B-4AD01252A327}.Release|Any CPU.Build.0 = Release|Any CPU
		{EBAA5BF8-C341-4C22-A90D-281C63672D8C}.Debug|Any CPU.ActiveCfg = Debug|Any CPU
		{EBAA5BF8-C341-4C22-A90D-281C63672D8C}.Debug|Any CPU.Build.0 = Debug|Any CPU
		{EBAA5BF8-C341-4C22-A90D-281C63672D8C}.Release|Any CPU.ActiveCfg = Release|Any CPU
		{EBAA5BF8-C341-4C22-A90D-281C63672D8C}.Release|Any CPU.Build.0 = Release|Any CPU
	EndGlobalSection
	GlobalSection(SolutionProperties) = preSolution
		HideSolutionNode = FALSE
	EndGlobalSection
EndGlobal
